// !$*UTF8*$!
{
	archiveVersion = 1;
	classes = {
	};
	objectVersion = 56;
	objects = {

/* Begin PBXBuildFile section */
		1A35717699716883CDF00F93 /* Pods_Exercise_Book.framework in Frameworks */ = {isa = PBXBuildFile; fileRef = 0199DC6E3B0BD0DA1CC90A11 /* Pods_Exercise_Book.framework */; };
		EE5E59F629A38FB50071F016 /* AppDelegate.swift in Sources */ = {isa = PBXBuildFile; fileRef = EE5E59F529A38FB50071F016 /* AppDelegate.swift */; };
		EE5E59F829A38FB50071F016 /* SceneDelegate.swift in Sources */ = {isa = PBXBuildFile; fileRef = EE5E59F729A38FB50071F016 /* SceneDelegate.swift */; };
		EE5E5A0029A38FB50071F016 /* DataModel.xcdatamodeld in Sources */ = {isa = PBXBuildFile; fileRef = EE5E59FE29A38FB50071F016 /* DataModel.xcdatamodeld */; };
		EE5E5A0229A38FB70071F016 /* Assets.xcassets in Resources */ = {isa = PBXBuildFile; fileRef = EE5E5A0129A38FB70071F016 /* Assets.xcassets */; };
		EE5E5A0529A38FB70071F016 /* LaunchScreen.storyboard in Resources */ = {isa = PBXBuildFile; fileRef = EE5E5A0329A38FB70071F016 /* LaunchScreen.storyboard */; };
		EEC9153429A788060069B171 /* Main.storyboard in Resources */ = {isa = PBXBuildFile; fileRef = EEC9153329A788060069B171 /* Main.storyboard */; };
		EEC9153629A7881F0069B171 /* ViewController.swift in Sources */ = {isa = PBXBuildFile; fileRef = EEC9153529A7881F0069B171 /* ViewController.swift */; };
		EEC9153829A78EF60069B171 /* Coin.swift in Sources */ = {isa = PBXBuildFile; fileRef = EEC9153729A78EF60069B171 /* Coin.swift */; };
		EEC9153A29A78F4B0069B171 /* CoinJson.swift in Sources */ = {isa = PBXBuildFile; fileRef = EEC9153929A78F4B0069B171 /* CoinJson.swift */; };
/* End PBXBuildFile section */

/* Begin PBXFileReference section */
		0199DC6E3B0BD0DA1CC90A11 /* Pods_Exercise_Book.framework */ = {isa = PBXFileReference; explicitFileType = wrapper.framework; includeInIndex = 0; path = Pods_Exercise_Book.framework; sourceTree = BUILT_PRODUCTS_DIR; };
		6F582341F3578054A50DE896 /* Pods-Exercise Book.release.xcconfig */ = {isa = PBXFileReference; includeInIndex = 1; lastKnownFileType = text.xcconfig; name = "Pods-Exercise Book.release.xcconfig"; path = "Target Support Files/Pods-Exercise Book/Pods-Exercise Book.release.xcconfig"; sourceTree = "<group>"; };
		CA8BFB186381AF318339D1AA /* Pods-Exercise Book.debug.xcconfig */ = {isa = PBXFileReference; includeInIndex = 1; lastKnownFileType = text.xcconfig; name = "Pods-Exercise Book.debug.xcconfig"; path = "Target Support Files/Pods-Exercise Book/Pods-Exercise Book.debug.xcconfig"; sourceTree = "<group>"; };
		EE5E59F229A38FB50071F016 /* Exercise Book.app */ = {isa = PBXFileReference; explicitFileType = wrapper.application; includeInIndex = 0; path = "Exercise Book.app"; sourceTree = BUILT_PRODUCTS_DIR; };
		EE5E59F529A38FB50071F016 /* AppDelegate.swift */ = {isa = PBXFileReference; lastKnownFileType = sourcecode.swift; path = AppDelegate.swift; sourceTree = "<group>"; };
		EE5E59F729A38FB50071F016 /* SceneDelegate.swift */ = {isa = PBXFileReference; lastKnownFileType = sourcecode.swift; path = SceneDelegate.swift; sourceTree = "<group>"; };
		EE5E59FF29A38FB50071F016 /* Exercise_Book.xcdatamodel */ = {isa = PBXFileReference; lastKnownFileType = wrapper.xcdatamodel; path = Exercise_Book.xcdatamodel; sourceTree = "<group>"; };
		EE5E5A0129A38FB70071F016 /* Assets.xcassets */ = {isa = PBXFileReference; lastKnownFileType = folder.assetcatalog; path = Assets.xcassets; sourceTree = "<group>"; };
		EE5E5A0429A38FB70071F016 /* Base */ = {isa = PBXFileReference; lastKnownFileType = file.storyboard; name = Base; path = Base.lproj/LaunchScreen.storyboard; sourceTree = "<group>"; };
		EE5E5A0629A38FB70071F016 /* Info.plist */ = {isa = PBXFileReference; lastKnownFileType = text.plist.xml; path = Info.plist; sourceTree = "<group>"; };
		EEC9153329A788060069B171 /* Main.storyboard */ = {isa = PBXFileReference; lastKnownFileType = file.storyboard; path = Main.storyboard; sourceTree = "<group>"; };
		EEC9153529A7881F0069B171 /* ViewController.swift */ = {isa = PBXFileReference; lastKnownFileType = sourcecode.swift; path = ViewController.swift; sourceTree = "<group>"; };
		EEC9153729A78EF60069B171 /* Coin.swift */ = {isa = PBXFileReference; lastKnownFileType = sourcecode.swift; path = Coin.swift; sourceTree = "<group>"; };
		EEC9153929A78F4B0069B171 /* CoinJson.swift */ = {isa = PBXFileReference; lastKnownFileType = sourcecode.swift; path = CoinJson.swift; sourceTree = "<group>"; };
/* End PBXFileReference section */

/* Begin PBXFrameworksBuildPhase section */
		EE5E59EF29A38FB50071F016 /* Frameworks */ = {
			isa = PBXFrameworksBuildPhase;
			buildActionMask = 2147483647;
			files = (
				1A35717699716883CDF00F93 /* Pods_Exercise_Book.framework in Frameworks */,
			);
			runOnlyForDeploymentPostprocessing = 0;
		};
/* End PBXFrameworksBuildPhase section */

/* Begin PBXGroup section */
		3B4D27C90DF8EC2D27F2282C /* Frameworks */ = {
			isa = PBXGroup;
			children = (
				0199DC6E3B0BD0DA1CC90A11 /* Pods_Exercise_Book.framework */,
			);
			name = Frameworks;
			sourceTree = "<group>";
		};
		6D1C12EAC79B578A0D26ED4E /* Pods */ = {
			isa = PBXGroup;
			children = (
				CA8BFB186381AF318339D1AA /* Pods-Exercise Book.debug.xcconfig */,
				6F582341F3578054A50DE896 /* Pods-Exercise Book.release.xcconfig */,
			);
			path = Pods;
			sourceTree = "<group>";
		};
		EE5E59E929A38FB50071F016 = {
			isa = PBXGroup;
			children = (
				EE5E59F429A38FB50071F016 /* Exercise Book */,
				EE5E59F329A38FB50071F016 /* Products */,
				6D1C12EAC79B578A0D26ED4E /* Pods */,
				3B4D27C90DF8EC2D27F2282C /* Frameworks */,
			);
			sourceTree = "<group>";
		};
		EE5E59F329A38FB50071F016 /* Products */ = {
			isa = PBXGroup;
			children = (
				EE5E59F229A38FB50071F016 /* Exercise Book.app */,
			);
			name = Products;
			sourceTree = "<group>";
		};
		EE5E59F429A38FB50071F016 /* Exercise Book */ = {
			isa = PBXGroup;
			children = (
				EE5E59F529A38FB50071F016 /* AppDelegate.swift */,
				EE5E59F729A38FB50071F016 /* SceneDelegate.swift */,
				EEC61D8029A390900091EFF3 /* Model */,
				EEC61D7E29A390650091EFF3 /* View */,
				EEC61D7F29A390730091EFF3 /* Controller */,
				EE5E5A0329A38FB70071F016 /* LaunchScreen.storyboard */,
				EE5E5A0129A38FB70071F016 /* Assets.xcassets */,
				EE5E5A0629A38FB70071F016 /* Info.plist */,
			);
			path = "Exercise Book";
			sourceTree = "<group>";
		};
		EEC61D7E29A390650091EFF3 /* View */ = {
			isa = PBXGroup;
			children = (
				EEC9153329A788060069B171 /* Main.storyboard */,
			);
			path = View;
			sourceTree = "<group>";
		};
		EEC61D7F29A390730091EFF3 /* Controller */ = {
			isa = PBXGroup;
			children = (
				EEC9153529A7881F0069B171 /* ViewController.swift */,
			);
			path = Controller;
			sourceTree = "<group>";
		};
		EEC61D8029A390900091EFF3 /* Model */ = {
			isa = PBXGroup;
			children = (
				EE5E59FE29A38FB50071F016 /* DataModel.xcdatamodeld */,
				EEC9153729A78EF60069B171 /* Coin.swift */,
				EEC9153929A78F4B0069B171 /* CoinJson.swift */,
			);
			path = Model;
			sourceTree = "<group>";
		};
/* End PBXGroup section */

/* Begin PBXNativeTarget section */
		EE5E59F129A38FB50071F016 /* Exercise Book */ = {
			isa = PBXNativeTarget;
			buildConfigurationList = EE5E5A0929A38FB70071F016 /* Build configuration list for PBXNativeTarget "Exercise Book" */;
			buildPhases = (
				9AE6517996FE8AC65D2847EC /* [CP] Check Pods Manifest.lock */,
				EE5E59EE29A38FB50071F016 /* Sources */,
				EE5E59EF29A38FB50071F016 /* Frameworks */,
				EE5E59F029A38FB50071F016 /* Resources */,
			);
			buildRules = (
			);
			dependencies = (
			);
			name = "Exercise Book";
			productName = "Exercise Book";
			productReference = EE5E59F229A38FB50071F016 /* Exercise Book.app */;
			productType = "com.apple.product-type.application";
		};
/* End PBXNativeTarget section */

/* Begin PBXProject section */
		EE5E59EA29A38FB50071F016 /* Project object */ = {
			isa = PBXProject;
			attributes = {
				BuildIndependentTargetsInParallel = 1;
				LastSwiftUpdateCheck = 1420;
				LastUpgradeCheck = 1420;
				TargetAttributes = {
					EE5E59F129A38FB50071F016 = {
						CreatedOnToolsVersion = 14.2;
					};
				};
			};
			buildConfigurationList = EE5E59ED29A38FB50071F016 /* Build configuration list for PBXProject "Exercise Book" */;
			compatibilityVersion = "Xcode 14.0";
			developmentRegion = en;
			hasScannedForEncodings = 0;
			knownRegions = (
				en,
				Base,
			);
			mainGroup = EE5E59E929A38FB50071F016;
			productRefGroup = EE5E59F329A38FB50071F016 /* Products */;
			projectDirPath = "";
			projectRoot = "";
			targets = (
				EE5E59F129A38FB50071F016 /* Exercise Book */,
			);
		};
/* End PBXProject section */

/* Begin PBXResourcesBuildPhase section */
		EE5E59F029A38FB50071F016 /* Resources */ = {
			isa = PBXResourcesBuildPhase;
			buildActionMask = 2147483647;
			files = (
				EEC9153429A788060069B171 /* Main.storyboard in Resources */,
				EE5E5A0529A38FB70071F016 /* LaunchScreen.storyboard in Resources */,
				EE5E5A0229A38FB70071F016 /* Assets.xcassets in Resources */,
			);
			runOnlyForDeploymentPostprocessing = 0;
		};
/* End PBXResourcesBuildPhase section */

/* Begin PBXShellScriptBuildPhase section */
		9AE6517996FE8AC65D2847EC /* [CP] Check Pods Manifest.lock */ = {
			isa = PBXShellScriptBuildPhase;
			buildActionMask = 2147483647;
			files = (
			);
			inputFileListPaths = (
			);
			inputPaths = (
				"${PODS_PODFILE_DIR_PATH}/Podfile.lock",
				"${PODS_ROOT}/Manifest.lock",
			);
			name = "[CP] Check Pods Manifest.lock";
			outputFileListPaths = (
			);
			outputPaths = (
				"$(DERIVED_FILE_DIR)/Pods-Exercise Book-checkManifestLockResult.txt",
			);
			runOnlyForDeploymentPostprocessing = 0;
			shellPath = /bin/sh;
			shellScript = "diff \"${PODS_PODFILE_DIR_PATH}/Podfile.lock\" \"${PODS_ROOT}/Manifest.lock\" > /dev/null\nif [ $? != 0 ] ; then\n    # print error to STDERR\n    echo \"error: The sandbox is not in sync with the Podfile.lock. Run 'pod install' or update your CocoaPods installation.\" >&2\n    exit 1\nfi\n# This output is used by Xcode 'outputs' to avoid re-running this script phase.\necho \"SUCCESS\" > \"${SCRIPT_OUTPUT_FILE_0}\"\n";
			showEnvVarsInLog = 0;
		};
/* End PBXShellScriptBuildPhase section */

/* Begin PBXSourcesBuildPhase section */
		EE5E59EE29A38FB50071F016 /* Sources */ = {
			isa = PBXSourcesBuildPhase;
			buildActionMask = 2147483647;
			files = (
				EE5E5A0029A38FB50071F016 /* DataModel.xcdatamodeld in Sources */,
				EE5E59F629A38FB50071F016 /* AppDelegate.swift in Sources */,
				EEC9153A29A78F4B0069B171 /* CoinJson.swift in Sources */,
				EEC9153629A7881F0069B171 /* ViewController.swift in Sources */,
				EEC9153829A78EF60069B171 /* Coin.swift in Sources */,
				EE5E59F829A38FB50071F016 /* SceneDelegate.swift in Sources */,
			);
			runOnlyForDeploymentPostprocessing = 0;
		};
/* End PBXSourcesBuildPhase section */

/* Begin PBXVariantGroup section */
		EE5E5A0329A38FB70071F016 /* LaunchScreen.storyboard */ = {
			isa = PBXVariantGroup;
			children = (
				EE5E5A0429A38FB70071F016 /* Base */,
			);
			name = LaunchScreen.storyboard;
			sourceTree = "<group>";
		};
/* End PBXVariantGroup section */

/* Begin XCBuildConfiguration section */
		EE5E5A0729A38FB70071F016 /* Debug */ = {
			isa = XCBuildConfiguration;
			buildSettings = {
				ALWAYS_SEARCH_USER_PATHS = NO;
				CLANG_ANALYZER_NONNULL = YES;
				CLANG_ANALYZER_NUMBER_OBJECT_CONVERSION = YES_AGGRESSIVE;
				CLANG_CXX_LANGUAGE_STANDARD = "gnu++20";
				CLANG_ENABLE_MODULES = YES;
				CLANG_ENABLE_OBJC_ARC = YES;
				CLANG_ENABLE_OBJC_WEAK = YES;
				CLANG_WARN_BLOCK_CAPTURE_AUTORELEASING = YES;
				CLANG_WARN_BOOL_CONVERSION = YES;
				CLANG_WARN_COMMA = YES;
				CLANG_WARN_CONSTANT_CONVERSION = YES;
				CLANG_WARN_DEPRECATED_OBJC_IMPLEMENTATIONS = YES;
				CLANG_WARN_DIRECT_OBJC_ISA_USAGE = YES_ERROR;
				CLANG_WARN_DOCUMENTATION_COMMENTS = YES;
				CLANG_WARN_EMPTY_BODY = YES;
				CLANG_WARN_ENUM_CONVERSION = YES;
				CLANG_WARN_INFINITE_RECURSION = YES;
				CLANG_WARN_INT_CONVERSION = YES;
				CLANG_WARN_NON_LITERAL_NULL_CONVERSION = YES;
				CLANG_WARN_OBJC_IMPLICIT_RETAIN_SELF = YES;
				CLANG_WARN_OBJC_LITERAL_CONVERSION = YES;
				CLANG_WARN_OBJC_ROOT_CLASS = YES_ERROR;
				CLANG_WARN_QUOTED_INCLUDE_IN_FRAMEWORK_HEADER = YES;
				CLANG_WARN_RANGE_LOOP_ANALYSIS = YES;
				CLANG_WARN_STRICT_PROTOTYPES = YES;
				CLANG_WARN_SUSPICIOUS_MOVE = YES;
				CLANG_WARN_UNGUARDED_AVAILABILITY = YES_AGGRESSIVE;
				CLANG_WARN_UNREACHABLE_CODE = YES;
				CLANG_WARN__DUPLICATE_METHOD_MATCH = YES;
				COPY_PHASE_STRIP = NO;
				DEBUG_INFORMATION_FORMAT = dwarf;
				ENABLE_STRICT_OBJC_MSGSEND = YES;
				ENABLE_TESTABILITY = YES;
				GCC_C_LANGUAGE_STANDARD = gnu11;
				GCC_DYNAMIC_NO_PIC = NO;
				GCC_NO_COMMON_BLOCKS = YES;
				GCC_OPTIMIZATION_LEVEL = 0;
				GCC_PREPROCESSOR_DEFINITIONS = (
					"DEBUG=1",
					"$(inherited)",
				);
				GCC_WARN_64_TO_32_BIT_CONVERSION = YES;
				GCC_WARN_ABOUT_RETURN_TYPE = YES_ERROR;
				GCC_WARN_UNDECLARED_SELECTOR = YES;
				GCC_WARN_UNINITIALIZED_AUTOS = YES_AGGRESSIVE;
				GCC_WARN_UNUSED_FUNCTION = YES;
				GCC_WARN_UNUSED_VARIABLE = YES;
				IPHONEOS_DEPLOYMENT_TARGET = 16.2;
				MTL_ENABLE_DEBUG_INFO = INCLUDE_SOURCE;
				MTL_FAST_MATH = YES;
				ONLY_ACTIVE_ARCH = YES;
				SDKROOT = iphoneos;
				SWIFT_ACTIVE_COMPILATION_CONDITIONS = DEBUG;
				SWIFT_OPTIMIZATION_LEVEL = "-Onone";
			};
			name = Debug;
		};
		EE5E5A0829A38FB70071F016 /* Release */ = {
			isa = XCBuildConfiguration;
			buildSettings = {
				ALWAYS_SEARCH_USER_PATHS = NO;
				CLANG_ANALYZER_NONNULL = YES;
				CLANG_ANALYZER_NUMBER_OBJECT_CONVERSION = YES_AGGRESSIVE;
				CLANG_CXX_LANGUAGE_STANDARD = "gnu++20";
				CLANG_ENABLE_MODULES = YES;
				CLANG_ENABLE_OBJC_ARC = YES;
				CLANG_ENABLE_OBJC_WEAK = YES;
				CLANG_WARN_BLOCK_CAPTURE_AUTORELEASING = YES;
				CLANG_WARN_BOOL_CONVERSION = YES;
				CLANG_WARN_COMMA = YES;
				CLANG_WARN_CONSTANT_CONVERSION = YES;
				CLANG_WARN_DEPRECATED_OBJC_IMPLEMENTATIONS = YES;
				CLANG_WARN_DIRECT_OBJC_ISA_USAGE = YES_ERROR;
				CLANG_WARN_DOCUMENTATION_COMMENTS = YES;
				CLANG_WARN_EMPTY_BODY = YES;
				CLANG_WARN_ENUM_CONVERSION = YES;
				CLANG_WARN_INFINITE_RECURSION = YES;
				CLANG_WARN_INT_CONVERSION = YES;
				CLANG_WARN_NON_LITERAL_NULL_CONVERSION = YES;
				CLANG_WARN_OBJC_IMPLICIT_RETAIN_SELF = YES;
				CLANG_WARN_OBJC_LITERAL_CONVERSION = YES;
				CLANG_WARN_OBJC_ROOT_CLASS = YES_ERROR;
				CLANG_WARN_QUOTED_INCLUDE_IN_FRAMEWORK_HEADER = YES;
				CLANG_WARN_RANGE_LOOP_ANALYSIS = YES;
				CLANG_WARN_STRICT_PROTOTYPES = YES;
				CLANG_WARN_SUSPICIOUS_MOVE = YES;
				CLANG_WARN_UNGUARDED_AVAILABILITY = YES_AGGRESSIVE;
				CLANG_WARN_UNREACHABLE_CODE = YES;
				CLANG_WARN__DUPLICATE_METHOD_MATCH = YES;
				COPY_PHASE_STRIP = NO;
				DEBUG_INFORMATION_FORMAT = "dwarf-with-dsym";
				ENABLE_NS_ASSERTIONS = NO;
				ENABLE_STRICT_OBJC_MSGSEND = YES;
				GCC_C_LANGUAGE_STANDARD = gnu11;
				GCC_NO_COMMON_BLOCKS = YES;
				GCC_WARN_64_TO_32_BIT_CONVERSION = YES;
				GCC_WARN_ABOUT_RETURN_TYPE = YES_ERROR;
				GCC_WARN_UNDECLARED_SELECTOR = YES;
				GCC_WARN_UNINITIALIZED_AUTOS = YES_AGGRESSIVE;
				GCC_WARN_UNUSED_FUNCTION = YES;
				GCC_WARN_UNUSED_VARIABLE = YES;
				IPHONEOS_DEPLOYMENT_TARGET = 16.2;
				MTL_ENABLE_DEBUG_INFO = NO;
				MTL_FAST_MATH = YES;
				SDKROOT = iphoneos;
				SWIFT_COMPILATION_MODE = wholemodule;
				SWIFT_OPTIMIZATION_LEVEL = "-O";
				VALIDATE_PRODUCT = YES;
			};
			name = Release;
		};
		EE5E5A0A29A38FB70071F016 /* Debug */ = {
			isa = XCBuildConfiguration;
			baseConfigurationReference = CA8BFB186381AF318339D1AA /* Pods-Exercise Book.debug.xcconfig */;
			buildSettings = {
				ASSETCATALOG_COMPILER_APPICON_NAME = AppIcon;
				ASSETCATALOG_COMPILER_GLOBAL_ACCENT_COLOR_NAME = AccentColor;
				CODE_SIGN_STYLE = Automatic;
				CURRENT_PROJECT_VERSION = 1;
				GENERATE_INFOPLIST_FILE = YES;
				INFOPLIST_FILE = "Exercise Book/Info.plist";
				INFOPLIST_KEY_UIApplicationSupportsIndirectInputEvents = YES;
				INFOPLIST_KEY_UILaunchStoryboardName = LaunchScreen;
				INFOPLIST_KEY_UIMainStoryboardFile = Main;
				INFOPLIST_KEY_UISupportedInterfaceOrientations_iPad = "UIInterfaceOrientationPortrait UIInterfaceOrientationPortraitUpsideDown UIInterfaceOrientationLandscapeLeft UIInterfaceOrientationLandscapeRight";
				INFOPLIST_KEY_UISupportedInterfaceOrientations_iPhone = "UIInterfaceOrientationPortrait UIInterfaceOrientationLandscapeLeft UIInterfaceOrientationLandscapeRight";
				LD_RUNPATH_SEARCH_PATHS = (
					"$(inherited)",
					"@executable_path/Frameworks",
				);
				MARKETING_VERSION = 1.0;
				PRODUCT_BUNDLE_IDENTIFIER = "yong.Exercise-Book";
				PRODUCT_NAME = "$(TARGET_NAME)";
				SWIFT_EMIT_LOC_STRINGS = YES;
				SWIFT_VERSION = 5.0;
				TARGETED_DEVICE_FAMILY = "1,2";
			};
			name = Debug;
		};
		EE5E5A0B29A38FB70071F016 /* Release */ = {
			isa = XCBuildConfiguration;
			baseConfigurationReference = 6F582341F3578054A50DE896 /* Pods-Exercise Book.release.xcconfig */;
			buildSettings = {
				ASSETCATALOG_COMPILER_APPICON_NAME = AppIcon;
				ASSETCATALOG_COMPILER_GLOBAL_ACCENT_COLOR_NAME = AccentColor;
				CODE_SIGN_STYLE = Automatic;
				CURRENT_PROJECT_VERSION = 1;
				GENERATE_INFOPLIST_FILE = YES;
				INFOPLIST_FILE = "Exercise Book/Info.plist";
				INFOPLIST_KEY_UIApplicationSupportsIndirectInputEvents = YES;
				INFOPLIST_KEY_UILaunchStoryboardName = LaunchScreen;
				INFOPLIST_KEY_UIMainStoryboardFile = Main;
				INFOPLIST_KEY_UISupportedInterfaceOrientations_iPad = "UIInterfaceOrientationPortrait UIInterfaceOrientationPortraitUpsideDown UIInterfaceOrientationLandscapeLeft UIInterfaceOrientationLandscapeRight";
				INFOPLIST_KEY_UISupportedInterfaceOrientations_iPhone = "UIInterfaceOrientationPortrait UIInterfaceOrientationLandscapeLeft UIInterfaceOrientationLandscapeRight";
				LD_RUNPATH_SEARCH_PATHS = (
					"$(inherited)",
					"@executable_path/Frameworks",
				);
				MARKETING_VERSION = 1.0;
				PRODUCT_BUNDLE_IDENTIFIER = "yong.Exercise-Book";
				PRODUCT_NAME = "$(TARGET_NAME)";
				SWIFT_EMIT_LOC_STRINGS = YES;
				SWIFT_VERSION = 5.0;
				TARGETED_DEVICE_FAMILY = "1,2";
			};
			name = Release;
		};
/* End XCBuildConfiguration section */

/* Begin XCConfigurationList section */
		EE5E59ED29A38FB50071F016 /* Build configuration list for PBXProject "Exercise Book" */ = {
			isa = XCConfigurationList;
			buildConfigurations = (
				EE5E5A0729A38FB70071F016 /* Debug */,
				EE5E5A0829A38FB70071F016 /* Release */,
			);
			defaultConfigurationIsVisible = 0;
			defaultConfigurationName = Release;
		};
		EE5E5A0929A38FB70071F016 /* Build configuration list for PBXNativeTarget "Exercise Book" */ = {
			isa = XCConfigurationList;
			buildConfigurations = (
				EE5E5A0A29A38FB70071F016 /* Debug */,
				EE5E5A0B29A38FB70071F016 /* Release */,
			);
			defaultConfigurationIsVisible = 0;
			defaultConfigurationName = Release;
		};
/* End XCConfigurationList section */

/* Begin XCVersionGroup section */
		EE5E59FE29A38FB50071F016 /* DataModel.xcdatamodeld */ = {
			isa = XCVersionGroup;
			children = (
				EE5E59FF29A38FB50071F016 /* Exercise_Book.xcdatamodel */,
			);
			currentVersion = EE5E59FF29A38FB50071F016 /* Exercise_Book.xcdatamodel */;
			path = DataModel.xcdatamodeld;
			sourceTree = "<group>";
			versionGroupType = wrapper.xcdatamodel;
		};
/* End XCVersionGroup section */
	};
	rootObject = EE5E59EA29A38FB50071F016 /* Project object */;
}
